
Microsoft Visual Studio Solution File, Format Version 12.00
# Visual Studio Version 16
VisualStudioVersion = 16.0.31019.35
MinimumVisualStudioVersion = 10.0.40219.1
Project("{FAE04EC0-301F-11D3-BF4B-00C04F79EFBC}") = "ControllerPenalCodes", "ControllerPenalCodes\ControllerPenalCodes.csproj", "{7377BFC8-C57D-4C02-A1D4-9164C4AD3200}"
EndProject
Global
	GlobalSection(SolutionConfigurationPlatforms) = preSolution
		Debug|Any CPU = Debug|Any CPU
		Release|Any CPU = Release|Any CPU
	EndGlobalSection
	GlobalSection(ProjectConfigurationPlatforms) = postSolution
		{7377BFC8-C57D-4C02-A1D4-9164C4AD3200}.Debug|Any CPU.ActiveCfg = Debug|Any CPU
		{7377BFC8-C57D-4C02-A1D4-9164C4AD3200}.Debug|Any CPU.Build.0 = Debug|Any CPU
		{7377BFC8-C57D-4C02-A1D4-9164C4AD3200}.Release|Any CPU.ActiveCfg = Release|Any CPU
		{7377BFC8-C57D-4C02-A1D4-9164C4AD3200}.Release|Any CPU.Build.0 = Release|Any CPU
	EndGlobalSection
	GlobalSection(SolutionProperties) = preSolution
		HideSolutionNode = FALSE
	EndGlobalSection
	GlobalSection(ExtensibilityGlobals) = postSolution
		SolutionGuid = {D4C37CA8-A15E-42B7-BDFA-07FC22F13DD4}
	EndGlobalSection
EndGlobal
